---
lockfileVersion: 1
lockfileVendor: redhat
arches:
- arch: aarch64
  packages:
  - url: https://cdn-ubi.redhat.com/content/public/ubi/dist/ubi9/9/aarch64/appstream/os/Packages/c/cargo-1.92.0-2.el9_8.aarch64.rpm
    repoid: ubi-9-for-aarch64-appstream-rpms
    size: 8531221
    checksum: sha256:82aa6ebbffe76188be0eef2e1dec030861a9ea513138a1d39567b0028ee787d0
    name: cargo
    evr: 1.92.0-2.el9_8
    sourcerpm: rust-1.92.0-2.el9_8.src.rpm
  - url: https://cdn-ubi.redhat.com/content/public/ubi/dist/ubi9/9/aarch64/appstream/os/Packages/c/cmake-3.31.8-3.el9.aarch64.rpm
    repoid: ubi-9-for-aarch64-appstream-rpms
    size: 11655593
    checksum: sha256:2a77fe1c3784083dcdebdd548c16d823b3e4a5adb8d6c00e36841aa633eab53b
    name: cmake
    evr: 3.31.8-3.el9
    sourcerpm: cmake-3.31.8-3.el9.src.rpm
  - url: https://cdn-ubi.redhat.com/content/public/ubi/dist/ubi9/9/aarch64/appstream/os/Packages/c/cmake-data-3.31.8-3.el9.noarch.rpm
    repoid: ubi-9-for-aarch64-appstream-rpms
    size: 2829291
    checksum: sha256:1cdc2e88a996c575b750483c8f562674e4b50a6ab414c7bbe6f6b641c1db7bd9
    name: cmake-data
    evr: 3.31.8-3.el9
    sourcerpm: cmake-3.31.8-3.el9.src.rpm
  - url: https://cdn-ubi.redhat.com/content/public/ubi/dist/ubi9/9/aarch64/appstream/os/Packages/c/cmake-filesystem-3.31.8-3.el9.aarch64.rpm
    repoid: ubi-9-for-aarch64-appstream-rpms
    size: 19282
    checksum: sha256:69a498723354740357fc3f4b4cd235da38fadd98835da193bec0c0850f68f3ad
    name: cmake-filesystem
    evr: 3.31.8-3.el9
    sourcerpm: cmake-3.31.8-3.el9.src.rpm
  - url: https://cdn-ubi.redhat.com/content/public/ubi/dist/ubi9/9/aarch64/appstream/os/Packages/c/cpp-11.5.0-14.el9.aarch64.rpm
    repoid: ubi-9-for-aarch64-appstream-rpms
    size: 10798392
    checksum: sha256:eb16ef369b981c0dca6149e971a63f74ea09c09f1c638086e3cda1e0591ac21b
    name: cpp
    evr: 11.5.0-14.el9
    sourcerpm: gcc-11.5.0-14.el9.src.rpm
  - url: https://cdn-ubi.redhat.com/content/public/ubi/dist/ubi9/9/aarch64/appstream/os/Packages/e/emacs-filesystem-27.2-18.el9.noarch.rpm
    repoid: ubi-9-for-aarch64-appstream-rpms
    size: 9495
    checksum: sha256:49d7b88a05a72c15b78191a987e6def04fda8e2e4ff75711f715d0c0ecadc60f
    name: emacs-filesystem
    evr: 1:27.2-18.el9
    sourcerpm: emacs-27.2-18.el9.src.rpm
  - url: https://cdn-ubi.redhat.com/content/public/ubi/dist/ubi9/9/aarch64/appstream/os/Packages/g/gcc-11.5.0-14.el9.aarch64.rpm
    repoid: ubi-9-for-aarch64-appstream-rpms
    size: 31291354
    checksum: sha256:542e635ac17b548cc03ab4347438d49f96837c1d91d12714b6b2764ec566156c
    name: gcc
    evr: 11.5.0-14.el9
    sourcerpm: gcc-11.5.0-14.el9.src.rpm
  - url: https://cdn-ubi.redhat.com/content/public/ubi/dist/ubi9/9/aarch64/appstream/os/Packages/g/gcc-c++-11.5.0-14.el9.aarch64.rpm
    repoid: ubi-9-for-aarch64-appstream-rpms
    size: 12994215
    checksum: sha256:aabe892798a2272d65c269fd6aa14d3b3dfc782c98f92f8fda30c2a4fa33bf6d
    name: gcc-c++
    evr: 11.5.0-14.el9
    sourcerpm: gcc-11.5.0-14.el9.src.rpm
  - url: https://cdn-ubi.redhat.com/content/public/ubi/dist/ubi9/9/aarch64/appstream/os/Packages/g/glibc-devel-2.34-275.el9_8.aarch64.rpm
    repoid: ubi-9-for-aarch64-appstream-rpms
    size: 576947
    checksum: sha256:aef79b53955c2ec67efdc39cb91148b377f8719a8b68cf76c7ddcffbcb6b8bf0
    name: glibc-devel
    evr: 2.34-275.el9_8
    sourcerpm: glibc-2.34-275.el9_8.src.rpm
  - url: https://cdn-ubi.redhat.com/content/public/ubi/dist/ubi9/9/aarch64/appstream/os/Packages/k/kernel-headers-5.14.0-687.48.1.el9_8.aarch64.rpm
    repoid: ubi-9-for-aarch64-appstream-rpms
    size: 2892349
    checksum: sha256:14a904e725c56eac18b9848e4947518f28ce5a5d7edb0dd472b25a92f0c026a9
    name: kernel-headers
    evr: 5.14.0-687.48.1.el9_8
    sourcerpm: kernel-5.14.0-687.48.1.el9_8.src.rpm
  - url: https://cdn-ubi.redhat.com/content/public/ubi/dist/ubi9/9/aarch64/appstream/os/Packages/l/libasan-11.5.0-14.el9.aarch64.rpm
    repoid: ubi-9-for-aarch64-appstream-rpms
    size: 409047
    checksum: sha256:854a84e72d40c2a062d112b93f8a694044fd7dc5b3afe7a869a448a12844c3e6
    name: libasan
    evr: 11.5.0-14.el9
    sourcerpm: gcc-11.5.0-14.el9.src.rpm
  - url: https://cdn-ubi.redhat.com/content/public/ubi/dist/ubi9/9/aarch64/appstream/os/Packages/l/libmpc-1.2.1-4.el9.aarch64.rpm
    repoid: ubi-9-for-aarch64-appstream-rpms
    size: 67120
    checksum: sha256:3763354a5f45d886f9976eec20eb34f8afc2144c69ffba07de546f2820893c70
    name: libmpc
    evr: 1.2.1-4.el9
    sourcerpm: libmpc-1.2.1-4.el9.src.rpm
  - url: https://cdn-ubi.redhat.com/content/public/ubi/dist/ubi9/9/aarch64/appstream/os/Packages/l/libstdc++-devel-11.5.0-14.el9.aarch64.rpm
    repoid: ubi-9-for-aarch64-appstream-rpms
    size: 2520018
    checksum: sha256:5a2474c2e817b008212e5a94770d8bfbaad17e9ebba2a38d734907e594ac2aac
    name: libstdc++-devel
    evr: 11.5.0-14.el9
    sourcerpm: gcc-11.5.0-14.el9.src.rpm
  - url: https://cdn-ubi.redhat.com/content/public/ubi/dist/ubi9/9/aarch64/appstream/os/Packages/l/libubsan-11.5.0-14.el9.aarch64.rpm
    repoid: ubi-9-for-aarch64-appstream-rpms
    size: 178996
    checksum: sha256:d0adfda8f1d8ddf05a46292228e31cf887d731e7999154603e148e3d70d1f182
    name: libubsan
    evr: 11.5.0-14.el9
    sourcerpm: gcc-11.5.0-14.el9.src.rpm
  - url: https://cdn-ubi.redhat.com/content/public/ubi/dist/ubi9/9/aarch64/appstream/os/Packages/l/libuv-1.42.0-2.el9_4.aarch64.rpm
    repoid: ubi-9-for-aarch64-appstream-rpms
    size: 150129
    checksum: sha256:4dc8a40da74e0f9823356460ee11f183c70f382953700fffef0c448198a677cc
    name: libuv
    evr: 1:1.42.0-2.el9_4
    sourcerpm: libuv-1.42.0-2.el9_4.src.rpm
  - url: https://cdn-ubi.redhat.com/content/public/ubi/dist/ubi9/9/aarch64/appstream/os/Packages/l/libxcrypt-devel-4.4.18-3.el9.aarch64.rpm
    repoid: ubi-9-for-aarch64-appstream-rpms
    size: 33051
    checksum: sha256:9d621f33df35b9c274b8d65457d6c67fc1522b6c62cf7b2341a4a99f39a93507
    name: libxcrypt-devel
    evr: 4.4.18-3.el9
    sourcerpm: libxcrypt-4.4.18-3.el9.src.rpm
  - url: https://cdn-ubi.redhat.com/content/public/ubi/dist/ubi9/9/aarch64/appstream/os/Packages/l/llvm-filesystem-21.1.8-2.el9.aarch64.rpm
    repoid: ubi-9-for-aarch64-appstream-rpms
    size: 20175
    checksum: sha256:87b55002280f29f59e8452cf184307ce0ffcf613a8967f726cb5b3438ecbc70a
    name: llvm-filesystem
    evr: 21.1.8-2.el9
    sourcerpm: llvm-21.1.8-2.el9.src.rpm
  - url: https://cdn-ubi.redhat.com/content/public/ubi/dist/ubi9/9/aarch64/appstream/os/Packages/l/llvm-libs-21.1.8-2.el9.aarch64.rpm
    repoid: ubi-9-for-aarch64-appstream-rpms
    size: 31011258
    checksum: sha256:47a47b60c922d628f7e0fa6c7e58484cd416221d6fbcd2b4708f5c901d6aecb4
    name: llvm-libs
    evr: 21.1.8-2.el9
    sourcerpm: llvm-21.1.8-2.el9.src.rpm
  - url: https://cdn-ubi.redhat.com/content/public/ubi/dist/ubi9/9/aarch64/appstream/os/Packages/o/openssl-devel-3.5.8-1.el9_8.aarch64.rpm
    repoid: ubi-9-for-aarch64-appstream-rpms
    size: 5039228
    checksum: sha256:49aec716fb44d8a07528f59a635d40a47a847b05e6cf57735994e9c2430efa12
    name: openssl-devel
    evr: 1:3.5.8-1.el9_8
    sourcerpm: openssl-3.5.8-1.el9_8.src.rpm
  - url: https://cdn-ubi.redhat.com/content/public/ubi/dist/ubi9/9/aarch64/appstream/os/Packages/p/python-unversioned-command-3.9.25-7.el9_8.3.noarch.rpm
    repoid: ubi-9-for-aarch64-appstream-rpms
    size: 15791
    checksum: sha256:6942913da91f52227ca9b22c6bd4269f49682a807beb0380dbdafe8c0a51d86e
    name: python-unversioned-command
    evr: 3.9.25-7.el9_8.3
    sourcerpm: python3.9-3.9.25-7.el9_8.3.src.rpm
  - url: https://cdn-ubi.redhat.com/content/public/ubi/dist/ubi9/9/aarch64/appstream/os/Packages/r/rust-1.92.0-2.el9_8.aarch64.rpm
    repoid: ubi-9-for-aarch64-appstream-rpms
    size: 29432854
    checksum: sha256:581cfaf221e8f4e402e101b044152070b2bccfdd34c0343e9f00bc686b1842e4
    name: rust
    evr: 1.92.0-2.el9_8
    sourcerpm: rust-1.92.0-2.el9_8.src.rpm
  - url: https://cdn-ubi.redhat.com/content/public/ubi/dist/ubi9/9/aarch64/appstream/os/Packages/r/rust-std-static-1.92.0-2.el9_8.aarch64.rpm
    repoid: ubi-9-for-aarch64-appstream-rpms
    size: 41509951
    checksum: sha256:f2c6fbaa5a01c4c4ad2f73b282aa47ae28091b03a779f4ad846fa4fceba9e1bb
    name: rust-std-static
    evr: 1.92.0-2.el9_8
    sourcerpm: rust-1.92.0-2.el9_8.src.rpm
  - url: https://cdn-ubi.redhat.com/content/public/ubi/dist/ubi9/9/aarch64/appstream/os/Packages/r/rust-toolset-1.92.0-2.el9_8.noarch.rpm
    repoid: ubi-9-for-aarch64-appstream-rpms
    size: 19864
    checksum: sha256:588ac6b4b329cb0025f879911648b787705bdd809e183ca43acb37f51f080ecb
    name: rust-toolset
    evr: 1.92.0-2.el9_8
    sourcerpm: rust-1.92.0-2.el9_8.src.rpm
  - url: https://cdn-ubi.redhat.com/content/public/ubi/dist/ubi9/9/aarch64/baseos/os/Packages/b/binutils-2.35.2-72.el9.aarch64.rpm
    repoid: ubi-9-for-aarch64-baseos-rpms
    size: 5021411
    checksum: sha256:72e9fd9c4976413060df02e37d358fca208ab144d78e321f448a488d50967155
    name: binutils
    evr: 2.35.2-72.el9
    sourcerpm: binutils-2.35.2-72.el9.src.rpm
  - url: https://cdn-ubi.redhat.com/content/public/ubi/dist/ubi9/9/aarch64/baseos/os/Packages/b/binutils-gold-2.35.2-72.el9.aarch64.rpm
    repoid: ubi-9-for-aarch64-baseos-rpms
    size: 908723
    checksum: sha256:269bb24ded2f23dcdb74c04597b13281ce6ac47a87a14831ee639d985323bd04
    name: binutils-gold
    evr: 2.35.2-72.el9
    sourcerpm: binutils-2.35.2-72.el9.src.rpm
  - url: https://cdn-ubi.redhat.com/content/public/ubi/dist/ubi9/9/aarch64/baseos/os/Packages/e/elfutils-debuginfod-client-0.194-1.el9.aarch64.rpm
    repoid: ubi-9-for-aarch64-baseos-rpms
    size: 42824
    checksum: sha256:bbcf05d0b46d42c85807d774788edc39528a6898bd880baf11fb77729f59272d
    name: elfutils-debuginfod-client
    evr: 0.194-1.el9
    sourcerpm: elfutils-0.194-1.el9.src.rpm
  - url: https://cdn-ubi.redhat.com/content/public/ubi/dist/ubi9/9/aarch64/baseos/os/Packages/e/elfutils-default-yama-scope-0.194-1.el9.noarch.rpm
    repoid: ubi-9-for-aarch64-baseos-rpms
    size: 8949
    checksum: sha256:c473f42c0fec97e2830580110509e4522bc62d9b11761d062499354a0bf58959
    name: elfutils-default-yama-scope
    evr: 0.194-1.el9
    sourcerpm: elfutils-0.194-1.el9.src.rpm
  - url: https://cdn-ubi.redhat.com/content/public/ubi/dist/ubi9/9/aarch64/baseos/os/Packages/e/elfutils-libelf-0.194-1.el9.aarch64.rpm
    repoid: ubi-9-for-aarch64-baseos-rpms
    size: 203006
    checksum: sha256:04ff63b7b669b16827f3688baa0be4a2782f1405db3c6d3ee03c0e4cebc2cdf2
    name: elfutils-libelf
    evr: 0.194-1.el9
    sourcerpm: elfutils-0.194-1.el9.src.rpm
  - url: https://cdn-ubi.redhat.com/content/public/ubi/dist/ubi9/9/aarch64/baseos/os/Packages/e/elfutils-libs-0.194-1.el9.aarch64.rpm
    repoid: ubi-9-for-aarch64-baseos-rpms
    size: 271645
    checksum: sha256:b90a6ad3e465995538785a2536986ad705625daf606d6258bf23d1dd29aec208
    name: elfutils-libs
    evr: 0.194-1.el9
    sourcerpm: elfutils-0.194-1.el9.src.rpm
  - url: https://cdn-ubi.redhat.com/content/public/ubi/dist/ubi9/9/aarch64/baseos/os/Packages/e/expat-2.5.0-6.el9_8.3.aarch64.rpm
    repoid: ubi-9-for-aarch64-baseos-rpms
    size: 122400
    checksum: sha256:df004398da989f75bae9267cfb0ad402ada6e6db46ebef0932c869894c013c08
    name: expat
    evr: 2.5.0-6.el9_8.3
    sourcerpm: expat-2.5.0-6.el9_8.3.src.rpm
  - url: https://cdn-ubi.redhat.com/content/public/ubi/dist/ubi9/9/aarch64/baseos/os/Packages/l/libatomic-11.5.0-14.el9.aarch64.rpm
    repoid: ubi-9-for-aarch64-baseos-rpms
    size: 26108
    checksum: sha256:bebe2e8fd98c64d1667e3de1eb3751b7b641bf5d0cd870ed6445fea5c4526326
    name: libatomic
    evr: 11.5.0-14.el9
    sourcerpm: gcc-11.5.0-14.el9.src.rpm
  - url: https://cdn-ubi.redhat.com/content/public/ubi/dist/ubi9/9/aarch64/baseos/os/Packages/l/libedit-3.1-39.20210216cvs.el9.aarch64.rpm
    repoid: ubi-9-for-aarch64-baseos-rpms
    size: 110092
    checksum: sha256:93964f8c06574404f4a5b44781b698f556fbc22f7ae3c82d4d540619772f6816
    name: libedit
    evr: 3.1-39.20210216cvs.el9
    sourcerpm: libedit-3.1-39.20210216cvs.el9.src.rpm
  - url: https://cdn-ubi.redhat.com/content/public/ubi/dist/ubi9/9/aarch64/baseos/os/Packages/l/libgomp-11.5.0-14.el9.aarch64.rpm
    repoid: ubi-9-for-aarch64-baseos-rpms
    size: 262138
    checksum: sha256:c8b3788fee442304e4158c802ff413df27d394b82f19c0f34ff43b5d3760470c
    name: libgomp
    evr: 11.5.0-14.el9
    sourcerpm: gcc-11.5.0-14.el9.src.rpm
  - url: https://cdn-ubi.redhat.com/content/public/ubi/dist/ubi9/9/aarch64/baseos/os/Packages/l/libpkgconf-1.7.3-10.el9.aarch64.rpm
    repoid: ubi-9-for-aarch64-baseos-rpms
    size: 38310
    checksum: sha256:9bdfccf6b092e0683aa6984f7c6caa737b30c0b1495e16abb03b5d1a5f8e787a
    name: libpkgconf
    evr: 1.7.3-10.el9
    sourcerpm: pkgconf-1.7.3-10.el9.src.rpm
  - url: https://cdn-ubi.redhat.com/content/public/ubi/dist/ubi9/9/aarch64/baseos/os/Packages/m/make-4.3-8.el9.aarch64.rpm
    repoid: ubi-9-for-aarch64-baseos-rpms
    size: 550249
    checksum: sha256:351a22b0e6744bd329b1b0f22d9c3b69a6da970b575e6c76190cc84b0fe77450
    name: make
    evr: 1:4.3-8.el9
    sourcerpm: make-4.3-8.el9.src.rpm
  - url: https://cdn-ubi.redhat.com/content/public/ubi/dist/ubi9/9/aarch64/baseos/os/Packages/p/pkgconf-1.7.3-10.el9.aarch64.rpm
    repoid: ubi-9-for-aarch64-baseos-rpms
    size: 45196
    checksum: sha256:aa38a3951a690d721a815ea8f9b01995a85f35a8540d8075205821011d0385e6
    name: pkgconf
    evr: 1.7.3-10.el9
    sourcerpm: pkgconf-1.7.3-10.el9.src.rpm
  - url: https://cdn-ubi.redhat.com/content/public/ubi/dist/ubi9/9/aarch64/baseos/os/Packages/p/pkgconf-m4-1.7.3-10.el9.noarch.rpm
    repoid: ubi-9-for-aarch64-baseos-rpms
    size: 16054
    checksum: sha256:91bafd6e06099451f60288327b275cfcc651822f6145176a157c6b0fa5131e02
    name: pkgconf-m4
    evr: 1.7.3-10.el9
    sourcerpm: pkgconf-1.7.3-10.el9.src.rpm
  - url: https://cdn-ubi.redhat.com/content/public/ubi/dist/ubi9/9/aarch64/baseos/os/Packages/p/pkgconf-pkg-config-1.7.3-10.el9.aarch64.rpm
    repoid: ubi-9-for-aarch64-baseos-rpms
    size: 12398
    checksum: sha256:47f1f744f96a2f3d360bc129837738dcebb1ee5032effc4472a891eea1d6a907
    name: pkgconf-pkg-config
    evr: 1.7.3-10.el9
    sourcerpm: pkgconf-1.7.3-10.el9.src.rpm
  - url: https://cdn-ubi.redhat.com/content/public/ubi/dist/ubi9/9/aarch64/baseos/os/Packages/p/python3-3.9.25-7.el9_8.3.aarch64.rpm
    repoid: ubi-9-for-aarch64-baseos-rpms
    size: 33143
    checksum: sha256:67e6d2eca7f6558030dd215a4d2d3ede810231faad0f317eb2bcbc7e9ac619ce
    name: python3
    evr: 3.9.25-7.el9_8.3
    sourcerpm: python3.9-3.9.25-7.el9_8.3.src.rpm
  - url: https://cdn-ubi.redhat.com/content/public/ubi/dist/ubi9/9/aarch64/baseos/os/Packages/p/python3-libs-3.9.25-7.el9_8.3.aarch64.rpm
    repoid: ubi-9-for-aarch64-baseos-rpms
    size: 8470487
    checksum: sha256:014bbdef3d3d00d09c34df9aaf377337e338e31c4106da6c98b844339fcd50d6
    name: python3-libs
    evr: 3.9.25-7.el9_8.3
    sourcerpm: python3.9-3.9.25-7.el9_8.3.src.rpm
  - url: https://cdn-ubi.redhat.com/content/public/ubi/dist/ubi9/9/aarch64/baseos/os/Packages/p/python3-pip-wheel-21.3.1-2.el9_8.noarch.rpm
    repoid: ubi-9-for-aarch64-baseos-rpms
    size: 1198443
    checksum: sha256:918041963ad5c3b91276bf1ed3307280673ca8352e2e632bbb3847b33d2bc15a
    name: python3-pip-wheel
    evr: 21.3.1-2.el9_8
    sourcerpm: python-pip-21.3.1-2.el9_8.src.rpm
  - url: https://cdn-ubi.redhat.com/content/public/ubi/dist/ubi9/9/aarch64/baseos/os/Packages/p/python3-setuptools-wheel-53.0.0-15.el9.noarch.rpm
    repoid: ubi-9-for-aarch64-baseos-rpms
    size: 479203
    checksum: sha256:36dacb345e21bc0308ef2508f0c93995520a15ef0b56aab3593186c8dc9c0c5a
    name: python3-setuptools-wheel
    evr: 53.0.0-15.el9
    sourcerpm: python-setuptools-53.0.0-15.el9.src.rpm
  - url: https://cdn-ubi.redhat.com/content/public/ubi/dist/ubi9/9/aarch64/baseos/os/Packages/v/vim-filesystem-8.2.2637-26.el9_8.21.noarch.rpm
    repoid: ubi-9-for-aarch64-baseos-rpms
    size: 24156
    checksum: sha256:4362190912229b1a670e20a7e46d1f20fb2d1d30e80ec22342bba1318784f742
    name: vim-filesystem
    evr: 2:8.2.2637-26.el9_8.21
    sourcerpm: vim-8.2.2637-26.el9_8.21.src.rpm
  source: []
  module_metadata: []
- arch: x86_64
  packages:
  - url: https://cdn-ubi.redhat.com/content/public/ubi/dist/ubi9/9/x86_64/appstream/os/Packages/c/cargo-1.92.0-2.el9_8.x86_64.rpm
    repoid: ubi-9-for-x86_64-appstream-rpms
    size: 9100896
    checksum: sha256:051f0ca74495773ec1b2247a7eb084510b10a2920f49492c8a4d970ecee8b351
    name: cargo
    evr: 1.92.0-2.el9_8
    sourcerpm: rust-1.92.0-2.el9_8.src.rpm
  - url: https://cdn-ubi.redhat.com/content/public/ubi/dist/ubi9/9/x86_64/appstream/os/Packages/c/cmake-3.31.8-3.el9.x86_64.rpm
    repoid: ubi-9-for-x86_64-appstream-rpms
    size: 13989883
    checksum: sha256:e67ea7aef1edd470e4ec22982e97871655abcdc0990754d4e8f147d4e7de317a
    name: cmake
    evr: 3.31.8-3.el9
    sourcerpm: cmake-3.31.8-3.el9.src.rpm
  - url: https://cdn-ubi.redhat.com/content/public/ubi/dist/ubi9/9/x86_64/appstream/os/Packages/c/cmake-data-3.31.8-3.el9.noarch.rpm
    repoid: ubi-9-for-x86_64-appstream-rpms
    size: 2829291
    checksum: sha256:1cdc2e88a996c575b750483c8f562674e4b50a6ab414c7bbe6f6b641c1db7bd9
    name: cmake-data
    evr: 3.31.8-3.el9
    sourcerpm: cmake-3.31.8-3.el9.src.rpm
  - url: https://cdn-ubi.redhat.com/content/public/ubi/dist/ubi9/9/x86_64/appstream/os/Packages/c/cmake-filesystem-3.31.8-3.el9.x86_64.rpm
    repoid: ubi-9-for-x86_64-appstream-rpms
    size: 19309
    checksum: sha256:b5ea81385a9e4e6a1ae2bb1175cd774af82f9c570a37008cde873ead466ba5f7
    name: cmake-filesystem
    evr: 3.31.8-3.el9
    sourcerpm: cmake-3.31.8-3.el9.src.rpm
  - url: https://cdn-ubi.redhat.com/content/public/ubi/dist/ubi9/9/x86_64/appstream/os/Packages/c/cpp-11.5.0-14.el9.x86_64.rpm
    repoid: ubi-9-for-x86_64-appstream-rpms
    size: 11226193
    checksum: sha256:3c0ee1cb8b72f3f5176f8945ab518eb733ccc9f950d317fb5d5ac327d0eb9c90
    name: cpp
    evr: 11.5.0-14.el9
    sourcerpm: gcc-11.5.0-14.el9.src.rpm
  - url: https://cdn-ubi.redhat.com/content/public/ubi/dist/ubi9/9/x86_64/appstream/os/Packages/e/emacs-filesystem-27.2-18.el9.noarch.rpm
    repoid: ubi-9-for-x86_64-appstream-rpms
    size: 9495
    checksum: sha256:49d7b88a05a72c15b78191a987e6def04fda8e2e4ff75711f715d0c0ecadc60f
    name: emacs-filesystem
    evr: 1:27.2-18.el9
    sourcerpm: emacs-27.2-18.el9.src.rpm
  - url: https://cdn-ubi.redhat.com/content/public/ubi/dist/ubi9/9/x86_64/appstream/os/Packages/g/gcc-11.5.0-14.el9.x86_64.rpm
    repoid: ubi-9-for-x86_64-appstream-rpms
    size: 33982584
    checksum: sha256:2082784165bbb246b6e5ef5921ed823f0a9709cacdf5823aa60695fd6d4819a2
    name: gcc
    evr: 11.5.0-14.el9
    sourcerpm: gcc-11.5.0-14.el9.src.rpm
  - url: https://cdn-ubi.redhat.com/content/public/ubi/dist/ubi9/9/x86_64/appstream/os/Packages/g/gcc-c++-11.5.0-14.el9.x86_64.rpm
    repoid: ubi-9-for-x86_64-appstream-rpms
    size: 13474286
    checksum: sha256:b073d8965ad8eed7520a2a1c9b7c961232511ad9188dcc8c92356160a9d51e37
    name: gcc-c++
    evr: 11.5.0-14.el9
    sourcerpm: gcc-11.5.0-14.el9.src.rpm
  - url: https://cdn-ubi.redhat.com/content/public/ubi/dist/ubi9/9/x86_64/appstream/os/Packages/g/glibc-devel-2.34-275.el9_8.x86_64.rpm
    repoid: ubi-9-for-x86_64-appstream-rpms
    size: 46499
    checksum: sha256:a3b6ed698d21192fa7c421094a5d6648411fba4252db28c96d629778c86e6cd5
    name: glibc-devel
    evr: 2.34-275.el9_8
    sourcerpm: glibc-2.34-275.el9_8.src.rpm
  - url: https://cdn-ubi.redhat.com/content/public/ubi/dist/ubi9/9/x86_64/appstream/os/Packages/g/glibc-headers-2.34-275.el9_8.x86_64.rpm
    repoid: ubi-9-for-x86_64-appstream-rpms
    size: 567171
    checksum: sha256:2124192aba2e7931cdf00c2dcd4b70b71b313790c28dcf09b2fb09cc9831c86f
    name: glibc-headers
    evr: 2.34-275.el9_8
    sourcerpm: glibc-2.34-275.el9_8.src.rpm
  - url: https://cdn-ubi.redhat.com/content/public/ubi/dist/ubi9/9/x86_64/appstream/os/Packages/k/kernel-headers-5.14.0-687.48.1.el9_8.x86_64.rpm
    repoid: ubi-9-for-x86_64-appstream-rpms
    size: 2931625
    checksum: sha256:edc71a44471f2400def85d3418c9c82d463cb6bb0ca19853b246b668fb946600
    name: kernel-headers
    evr: 5.14.0-687.48.1.el9_8
    sourcerpm: kernel-5.14.0-687.48.1.el9_8.src.rpm
  - url: https://cdn-ubi.redhat.com/content/public/ubi/dist/ubi9/9/x86_64/appstream/os/Packages/l/libmpc-1.2.1-4.el9.x86_64.rpm
    repoid: ubi-9-for-x86_64-appstream-rpms
    size: 66075
    checksum: sha256:b97b4e98c3c6f41dcfc2ceb4ffa1aba7a338b7cfd9e6c4f63e3160dd3cc033d3
    name: libmpc
    evr: 1.2.1-4.el9
    sourcerpm: libmpc-1.2.1-4.el9.src.rpm
  - url: https://cdn-ubi.redhat.com/content/public/ubi/dist/ubi9/9/x86_64/appstream/os/Packages/l/libstdc++-devel-11.5.0-14.el9.x86_64.rpm
    repoid: ubi-9-for-x86_64-appstream-rpms
    size: 2524816
    checksum: sha256:2d031d05fe073adc74919b8372763ae322615d9df23f4a2c642050ab4b389ce5
    name: libstdc++-devel
    evr: 11.5.0-14.el9
    sourcerpm: gcc-11.5.0-14.el9.src.rpm
  - url: https://cdn-ubi.redhat.com/content/public/ubi/dist/ubi9/9/x86_64/appstream/os/Packages/l/libuv-1.42.0-2.el9_4.x86_64.rpm
    repoid: ubi-9-for-x86_64-appstream-rpms
    size: 154427
    checksum: sha256:e1fab39251239ccaad2fb4dbe6c55ec1ae60f76d4ae81582b06e6a58e30879b2
    name: libuv
    evr: 1:1.42.0-2.el9_4
    sourcerpm: libuv-1.42.0-2.el9_4.src.rpm
  - url: https://cdn-ubi.redhat.com/content/public/ubi/dist/ubi9/9/x86_64/appstream/os/Packages/l/libxcrypt-compat-4.4.18-3.el9.x86_64.rpm
    repoid: ubi-9-for-x86_64-appstream-rpms
    size: 93189
    checksum: sha256:2bd6c288e1970a001d3a1ae69166c0d926d9c87ce892edcb2110f4e142c12a7a
    name: libxcrypt-compat
    evr: 4.4.18-3.el9
    sourcerpm: libxcrypt-4.4.18-3.el9.src.rpm
  - url: https://cdn-ubi.redhat.com/content/public/ubi/dist/ubi9/9/x86_64/appstream/os/Packages/l/libxcrypt-devel-4.4.18-3.el9.x86_64.rpm
    repoid: ubi-9-for-x86_64-appstream-rpms
    size: 33101
    checksum: sha256:c1d171391a7d2e043a6953efd3df3e01edc9b4c6cdb54517e1608d204a5fce18
    name: libxcrypt-devel
    evr: 4.4.18-3.el9
    sourcerpm: libxcrypt-4.4.18-3.el9.src.rpm
  - url: https://cdn-ubi.redhat.com/content/public/ubi/dist/ubi9/9/x86_64/appstream/os/Packages/l/llvm-filesystem-21.1.8-2.el9.x86_64.rpm
    repoid: ubi-9-for-x86_64-appstream-rpms
    size: 20224
    checksum: sha256:b54fc55927e26da6954bbf9a396735a2a29383b15fe9e3d70b9d24cd90b1c500
    name: llvm-filesystem
    evr: 21.1.8-2.el9
    sourcerpm: llvm-21.1.8-2.el9.src.rpm
  - url: https://cdn-ubi.redhat.com/content/public/ubi/dist/ubi9/9/x86_64/appstream/os/Packages/l/llvm-libs-21.1.8-2.el9.x86_64.rpm
    repoid: ubi-9-for-x86_64-appstream-rpms
    size: 32586819
    checksum: sha256:6c71c84a680f89a551b312eac90c9ae2899c3bdfaacdc809e39d7da968657d5a
    name: llvm-libs
    evr: 21.1.8-2.el9
    sourcerpm: llvm-21.1.8-2.el9.src.rpm
  - url: https://cdn-ubi.redhat.com/content/public/ubi/dist/ubi9/9/x86_64/appstream/os/Packages/o/openssl-devel-3.5.8-1.el9_8.x86_64.rpm
    repoid: ubi-9-for-x86_64-appstream-rpms
    size: 5039851
    checksum: sha256:8042a4b1134610ef06c27b7314a5fcd4ce887d1065d4b9e861bc3f647d7fb792
    name: openssl-devel
    evr: 1:3.5.8-1.el9_8
    sourcerpm: openssl-3.5.8-1.el9_8.src.rpm
  - url: https://cdn-ubi.redhat.com/content/public/ubi/dist/ubi9/9/x86_64/appstream/os/Packages/p/python-unversioned-command-3.9.25-7.el9_8.3.noarch.rpm
    repoid: ubi-9-for-x86_64-appstream-rpms
    size: 15791
    checksum: sha256:6942913da91f52227ca9b22c6bd4269f49682a807beb0380dbdafe8c0a51d86e
    name: python-unversioned-command
    evr: 3.9.25-7.el9_8.3
    sourcerpm: python3.9-3.9.25-7.el9_8.3.src.rpm
  - url: https://cdn-ubi.redhat.com/content/public/ubi/dist/ubi9/9/x86_64/appstream/os/Packages/r/rust-1.92.0-2.el9_8.x86_64.rpm
    repoid: ubi-9-for-x86_64-appstream-rpms
    size: 31507830
    checksum: sha256:4f94e5f41381c1b74f7ba1f2963ab877b7e97de6214bd3f457d59cda519cb74c
    name: rust
    evr: 1.92.0-2.el9_8
    sourcerpm: rust-1.92.0-2.el9_8.src.rpm
  - url: https://cdn-ubi.redhat.com/content/public/ubi/dist/ubi9/9/x86_64/appstream/os/Packages/r/rust-std-static-1.92.0-2.el9_8.x86_64.rpm
    repoid: ubi-9-for-x86_64-appstream-rpms
    size: 43004844
    checksum: sha256:eb6b77944335dbf90fc4bc204c246a50a4a7928698b97d412a6eb6ccdb3b59a3
    name: rust-std-static
    evr: 1.92.0-2.el9_8
    sourcerpm: rust-1.92.0-2.el9_8.src.rpm
  - url: https://cdn-ubi.redhat.com/content/public/ubi/dist/ubi9/9/x86_64/appstream/os/Packages/r/rust-toolset-1.92.0-2.el9_8.noarch.rpm
    repoid: ubi-9-for-x86_64-appstream-rpms
    size: 19864
    checksum: sha256:588ac6b4b329cb0025f879911648b787705bdd809e183ca43acb37f51f080ecb
    name: rust-toolset
    evr: 1.92.0-2.el9_8
    sourcerpm: rust-1.92.0-2.el9_8.src.rpm
  - url: https://cdn-ubi.redhat.com/content/public/ubi/dist/ubi9/9/x86_64/baseos/os/Packages/b/binutils-2.35.2-72.el9.x86_64.rpm
    repoid: ubi-9-for-x86_64-baseos-rpms
    size: 4821853
    checksum: sha256:bda706d43bf47267e31db8ac62fe3206122f97ff035daa6c93ce9cd5063a63ca
    name: binutils
    evr: 2.35.2-72.el9
    sourcerpm: binutils-2.35.2-72.el9.src.rpm
  - url: https://cdn-ubi.redhat.com/content/public/ubi/dist/ubi9/9/x86_64/baseos/os/Packages/b/binutils-gold-2.35.2-72.el9.x86_64.rpm
    repoid: ubi-9-for-x86_64-baseos-rpms
    size: 758393
    checksum: sha256:4d429d1030d8e1c610ba5aea83f8c63090033f440b2c8f788f0e0acd4a3c51b3
    name: binutils-gold
    evr: 2.35.2-72.el9
    sourcerpm: binutils-2.35.2-72.el9.src.rpm
  - url: https://cdn-ubi.redhat.com/content/public/ubi/dist/ubi9/9/x86_64/baseos/os/Packages/e/elfutils-debuginfod-client-0.194-1.el9.x86_64.rpm
    repoid: ubi-9-for-x86_64-baseos-rpms
    size: 43826
    checksum: sha256:1635fd1ecaa9492fa925956dfd56d10063ca336619218f124ab45df0a38b41b0
    name: elfutils-debuginfod-client
    evr: 0.194-1.el9
    sourcerpm: elfutils-0.194-1.el9.src.rpm
  - url: https://cdn-ubi.redhat.com/content/public/ubi/dist/ubi9/9/x86_64/baseos/os/Packages/e/elfutils-default-yama-scope-0.194-1.el9.noarch.rpm
    repoid: ubi-9-for-x86_64-baseos-rpms
    size: 8949
    checksum: sha256:c473f42c0fec97e2830580110509e4522bc62d9b11761d062499354a0bf58959
    name: elfutils-default-yama-scope
    evr: 0.194-1.el9
    sourcerpm: elfutils-0.194-1.el9.src.rpm
  - url: https://cdn-ubi.redhat.com/content/public/ubi/dist/ubi9/9/x86_64/baseos/os/Packages/e/elfutils-libelf-0.194-1.el9.x86_64.rpm
    repoid: ubi-9-for-x86_64-baseos-rpms
    size: 205864
    checksum: sha256:00bbe4776149d8ccedcdf19dd6ceb08c3bb42ff41b98d744abe101af0b11a6c5
    name: elfutils-libelf
    evr: 0.194-1.el9
    sourcerpm: elfutils-0.194-1.el9.src.rpm
  - url: https://cdn-ubi.redhat.com/content/public/ubi/dist/ubi9/9/x86_64/baseos/os/Packages/e/elfutils-libs-0.194-1.el9.x86_64.rpm
    repoid: ubi-9-for-x86_64-baseos-rpms
    size: 274670
    checksum: sha256:ad4f6d425cbc975cead56a2c982e38b0146d00944cbd9b3072d3d1f1271237a5
    name: elfutils-libs
    evr: 0.194-1.el9
    sourcerpm: elfutils-0.194-1.el9.src.rpm
  - url: https://cdn-ubi.redhat.com/content/public/ubi/dist/ubi9/9/x86_64/baseos/os/Packages/e/expat-2.5.0-6.el9_8.3.x86_64.rpm
    repoid: ubi-9-for-x86_64-baseos-rpms
    size: 128577
    checksum: sha256:3c9c96529f94f84fc19c8039d8852269e1085d16b5af2933f44ff286dec66a35
    name: expat
    evr: 2.5.0-6.el9_8.3
    sourcerpm: expat-2.5.0-6.el9_8.3.src.rpm
  - url: https://cdn-ubi.redhat.com/content/public/ubi/dist/ubi9/9/x86_64/baseos/os/Packages/l/libedit-3.1-39.20210216cvs.el9.x86_64.rpm
    repoid: ubi-9-for-x86_64-baseos-rpms
    size: 112056
    checksum: sha256:65a730688dfea27934b75af3acf30150c6d254c89d8b68b63233ae7f8b6c9b94
    name: libedit
    evr: 3.1-39.20210216cvs.el9
    sourcerpm: libedit-3.1-39.20210216cvs.el9.src.rpm
  - url: https://cdn-ubi.redhat.com/content/public/ubi/dist/ubi9/9/x86_64/baseos/os/Packages/l/libgomp-11.5.0-14.el9.x86_64.rpm
    repoid: ubi-9-for-x86_64-baseos-rpms
    size: 263723
    checksum: sha256:87b9a7316760374111290e6e4c76ee4d093566f08a7c7c91ad7827c5948afb69
    name: libgomp
    evr: 11.5.0-14.el9
    sourcerpm: gcc-11.5.0-14.el9.src.rpm
  - url: https://cdn-ubi.redhat.com/content/public/ubi/dist/ubi9/9/x86_64/baseos/os/Packages/l/libpkgconf-1.7.3-10.el9.x86_64.rpm
    repoid: ubi-9-for-x86_64-baseos-rpms
    size: 38387
    checksum: sha256:4feae5941b73640bd86b8d506a657cac5b770043db1464fbcd207721b2159dda
    name: libpkgconf
    evr: 1.7.3-10.el9
    sourcerpm: pkgconf-1.7.3-10.el9.src.rpm
  - url: https://cdn-ubi.redhat.com/content/public/ubi/dist/ubi9/9/x86_64/baseos/os/Packages/m/make-4.3-8.el9.x86_64.rpm
    repoid: ubi-9-for-x86_64-baseos-rpms
    size: 553896
    checksum: sha256:561f0c2251e9217c81a6c88de4d2d9231a039aaab37e8a0d2559d36ce9fa85fd
    name: make
    evr: 1:4.3-8.el9
    sourcerpm: make-4.3-8.el9.src.rpm
  - url: https://cdn-ubi.redhat.com/content/public/ubi/dist/ubi9/9/x86_64/baseos/os/Packages/p/pkgconf-1.7.3-10.el9.x86_64.rpm
    repoid: ubi-9-for-x86_64-baseos-rpms
    size: 45675
    checksum: sha256:bb47b4ecc499c308f41031a99e723827d152d5d750f59849d0c265d820944a26
    name: pkgconf
    evr: 1.7.3-10.el9
    sourcerpm: pkgconf-1.7.3-10.el9.src.rpm
  - url: https://cdn-ubi.redhat.com/content/public/ubi/dist/ubi9/9/x86_64/baseos/os/Packages/p/pkgconf-m4-1.7.3-10.el9.noarch.rpm
    repoid: ubi-9-for-x86_64-baseos-rpms
    size: 16054
    checksum: sha256:91bafd6e06099451f60288327b275cfcc651822f6145176a157c6b0fa5131e02
    name: pkgconf-m4
    evr: 1.7.3-10.el9
    sourcerpm: pkgconf-1.7.3-10.el9.src.rpm
  - url: https://cdn-ubi.redhat.com/content/public/ubi/dist/ubi9/9/x86_64/baseos/os/Packages/p/pkgconf-pkg-config-1.7.3-10.el9.x86_64.rpm
    repoid: ubi-9-for-x86_64-baseos-rpms
    size: 12438
    checksum: sha256:9a502d81d73d3303ceb53a06ad7ce525c97117ea64352174a33708bf3429283d
    name: pkgconf-pkg-config
    evr: 1.7.3-10.el9
    sourcerpm: pkgconf-1.7.3-10.el9.src.rpm
  - url: https://cdn-ubi.redhat.com/content/public/ubi/dist/ubi9/9/x86_64/baseos/os/Packages/p/python3-3.9.25-7.el9_8.3.x86_64.rpm
    repoid: ubi-9-for-x86_64-baseos-rpms
    size: 33200
    checksum: sha256:f0d622eb17a038e98c23ef9bd6961c104c55b3534f69c301b2067cd9161f40f7
    name: python3
    evr: 3.9.25-7.el9_8.3
    sourcerpm: python3.9-3.9.25-7.el9_8.3.src.rpm
  - url: https://cdn-ubi.redhat.com/content/public/ubi/dist/ubi9/9/x86_64/baseos/os/Packages/p/python3-libs-3.9.25-7.el9_8.3.x86_64.rpm
    repoid: ubi-9-for-x86_64-baseos-rpms
    size: 8483866
    checksum: sha256:6227afce7123d2e6c46a4a6d318087c512caebf6e09f7bfc0ba73f7e5853fba4
    name: python3-libs
    evr: 3.9.25-7.el9_8.3
    sourcerpm: python3.9-3.9.25-7.el9_8.3.src.rpm
  - url: https://cdn-ubi.redhat.com/content/public/ubi/dist/ubi9/9/x86_64/baseos/os/Packages/p/python3-pip-wheel-21.3.1-2.el9_8.noarch.rpm
    repoid: ubi-9-for-x86_64-baseos-rpms
    size: 1198443
    checksum: sha256:918041963ad5c3b91276bf1ed3307280673ca8352e2e632bbb3847b33d2bc15a
    name: python3-pip-wheel
    evr: 21.3.1-2.el9_8
    sourcerpm: python-pip-21.3.1-2.el9_8.src.rpm
  - url: https://cdn-ubi.redhat.com/content/public/ubi/dist/ubi9/9/x86_64/baseos/os/Packages/p/python3-setuptools-wheel-53.0.0-15.el9.noarch.rpm
    repoid: ubi-9-for-x86_64-baseos-rpms
    size: 479203
    checksum: sha256:36dacb345e21bc0308ef2508f0c93995520a15ef0b56aab3593186c8dc9c0c5a
    name: python3-setuptools-wheel
    evr: 53.0.0-15.el9
    sourcerpm: python-setuptools-53.0.0-15.el9.src.rpm
  - url: https://cdn-ubi.redhat.com/content/public/ubi/dist/ubi9/9/x86_64/baseos/os/Packages/v/vim-filesystem-8.2.2637-26.el9_8.21.noarch.rpm
    repoid: ubi-9-for-x86_64-baseos-rpms
    size: 24156
    checksum: sha256:4362190912229b1a670e20a7e46d1f20fb2d1d30e80ec22342bba1318784f742
    name: vim-filesystem
    evr: 2:8.2.2637-26.el9_8.21
    sourcerpm: vim-8.2.2637-26.el9_8.21.src.rpm
  source: []
  module_metadata: []
